
Microsoft Visual Studio Solution File, Format Version 12.00
# Visual Studio Version 16
VisualStudioVersion = 16.0.31321.278
MinimumVisualStudioVersion = 10.0.40219.1
Project("{FAE04EC0-301F-11D3-BF4B-00C04F79EFBC}") = "Common.2005", "Common\Common.2005.csproj", "{4685249B-BEB1-4443-8CF2-ED9EC71A1FFA}"
EndProject
Project("{FAE04EC0-301F-11D3-BF4B-00C04F79EFBC}") = "Engine.2005", "Engine\Engine.2005.csproj", "{0E0F2AE6-4AD3-44E0-AA37-FDF91ECC27C6}"
EndProject
Project("{FAE04EC0-301F-11D3-BF4B-00C04F79EFBC}") = "WindowsForms.2005", "WindowsForms\WindowsForms.2005.csproj", "{305F95F0-8CC9-4ECD-B89A-6A7F55C6ED19}"
EndProject
Project("{FAE04EC0-301F-11D3-BF4B-00C04F79EFBC}") = "xmlrpc.2005", "xmlrpc\xmlrpc.2005.csproj", "{1B4B0A58-0AFB-4090-91DD-18912CC7DE65}"
EndProject
Project("{FAE04EC0-301F-11D3-BF4B-00C04F79EFBC}") = "XMLJournalWriter.2005", "XMLJournalWriter\XMLJournalWriter.2005.csproj", "{60D5D44F-FD92-41E1-AEF8-DF7CC9157BBC}"
EndProject
Project("{FAE04EC0-301F-11D3-BF4B-00C04F79EFBC}") = "MIDIJournalWriter.2005", "MIDIJournalWriter\MIDIJournalWriter.2005.csproj", "{C539F973-BDA1-4331-922E-56048222BE2D}"
EndProject
Project("{FAE04EC0-301F-11D3-BF4B-00C04F79EFBC}") = "PluginsCore.2005", "PluginsCore\PluginsCore.2005.csproj", "{32C6A155-7578-47A2-9119-7149B533A4C5}"
EndProject
Project("{FAE04EC0-301F-11D3-BF4B-00C04F79EFBC}") = "WindowsFormsPlugins.2005", "WindowsFormsPlugins\WindowsFormsPlugins.2005.csproj", "{DCD9C020-48BA-4E78-B9E3-8026AD17137D}"
EndProject
Project("{FAE04EC0-301F-11D3-BF4B-00C04F79EFBC}") = "WindowsFormsUpdate.2005", "WindowsFormsUpdate\WindowsFormsUpdate.2005.csproj", "{6A9E35E4-DAE9-4486-B80F-D972F14A017D}"
EndProject
Global
	GlobalSection(SolutionConfigurationPlatforms) = preSolution
		Debug|Any CPU = Debug|Any CPU
		Release|Any CPU = Release|Any CPU
	EndGlobalSection
	GlobalSection(ProjectConfigurationPlatforms) = postSolution
		{4685249B-BEB1-4443-8CF2-ED9EC71A1FFA}.Debug|Any CPU.ActiveCfg = Debug|Any CPU
		{4685249B-BEB1-4443-8CF2-ED9EC71A1FFA}.Debug|Any CPU.Build.0 = Debug|Any CPU
		{4685249B-BEB1-4443-8CF2-ED9EC71A1FFA}.Release|Any CPU.ActiveCfg = Release|Any CPU
		{4685249B-BEB1-4443-8CF2-ED9EC71A1FFA}.Release|Any CPU.Build.0 = Release|Any CPU
		{0E0F2AE6-4AD3-44E0-AA37-FDF91ECC27C6}.Debug|Any CPU.ActiveCfg = Debug|Any CPU
		{0E0F2AE6-4AD3-44E0-AA37-FDF91ECC27C6}.Debug|Any CPU.Build.0 = Debug|Any CPU
		{0E0F2AE6-4AD3-44E0-AA37-FDF91ECC27C6}.Release|Any CPU.ActiveCfg = Release|Any CPU
		{0E0F2AE6-4AD3-44E0-AA37-FDF91ECC27C6}.Release|Any CPU.Build.0 = Release|Any CPU
		{305F95F0-8CC9-4ECD-B89A-6A7F55C6ED19}.Debug|Any CPU.ActiveCfg = Debug|Any CPU
		{305F95F0-8CC9-4ECD-B89A-6A7F55C6ED19}.Debug|Any CPU.Build.0 = Debug|Any CPU
		{305F95F0-8CC9-4ECD-B89A-6A7F55C6ED19}.Release|Any CPU.ActiveCfg = Release|Any CPU
		{305F95F0-8CC9-4ECD-B89A-6A7F55C6ED19}.Release|Any CPU.Build.0 = Release|Any CPU
		{1B4B0A58-0AFB-4090-91DD-18912CC7DE65}.Debug|Any CPU.ActiveCfg = Debug|Any CPU
		{1B4B0A58-0AFB-4090-91DD-18912CC7DE65}.Debug|Any CPU.Build.0 = Debug|Any CPU
		{1B4B0A58-0AFB-4090-91DD-18912CC7DE65}.Release|Any CPU.ActiveCfg = Release|Any CPU
		{1B4B0A58-0AFB-4090-91DD-18912CC7DE65}.Release|Any CPU.Build.0 = Release|Any CPU
		{60D5D44F-FD92-41E1-AEF8-DF7CC9157BBC}.Debug|Any CPU.ActiveCfg = Debug|Any CPU
		{60D5D44F-FD92-41E1-AEF8-DF7CC9157BBC}.Debug|Any CPU.Build.0 = Debug|Any CPU
		{60D5D44F-FD92-41E1-AEF8-DF7CC9157BBC}.Release|Any CPU.ActiveCfg = Release|Any CPU
		{60D5D44F-FD92-41E1-AEF8-DF7CC9157BBC}.Release|Any CPU.Build.0 = Release|Any CPU
		{C539F973-BDA1-4331-922E-56048222BE2D}.Debug|Any CPU.ActiveCfg = Debug|Any CPU
		{C539F973-BDA1-4331-922E-56048222BE2D}.Debug|Any CPU.Build.0 = Debug|Any CPU
		{C539F973-BDA1-4331-922E-56048222BE2D}.Release|Any CPU.ActiveCfg = Release|Any CPU
		{C539F973-BDA1-4331-922E-56048222BE2D}.Release|Any CPU.Build.0 = Release|Any CPU
		{32C6A155-7578-47A2-9119-7149B533A4C5}.Debug|Any CPU.ActiveCfg = Debug|Any CPU
		{32C6A155-7578-47A2-9119-7149B533A4C5}.Debug|Any CPU.Build.0 = Debug|Any CPU
		{32C6A155-7578-47A2-9119-7149B533A4C5}.Release|Any CPU.ActiveCfg = Release|Any CPU
		{32C6A155-7578-47A2-9119-7149B533A4C5}.Release|Any CPU.Build.0 = Release|Any CPU
		{DCD9C020-48BA-4E78-B9E3-8026AD17137D}.Debug|Any CPU.ActiveCfg = Debug|Any CPU
		{DCD9C020-48BA-4E78-B9E3-8026AD17137D}.Debug|Any CPU.Build.0 = Debug|Any CPU
		{DCD9C020-48BA-4E78-B9E3-8026AD17137D}.Release|Any CPU.ActiveCfg = Release|Any CPU
		{DCD9C020-48BA-4E78-B9E3-8026AD17137D}.Release|Any CPU.Build.0 = Release|Any CPU
		{6A9E35E4-DAE9-4486-B80F-D972F14A017D}.Debug|Any CPU.ActiveCfg = Debug|Any CPU
		{6A9E35E4-DAE9-4486-B80F-D972F14A017D}.Debug|Any CPU.Build.0 = Debug|Any CPU
		{6A9E35E4-DAE9-4486-B80F-D972F14A017D}.Release|Any CPU.ActiveCfg = Release|Any CPU
		{6A9E35E4-DAE9-4486-B80F-D972F14A017D}.Release|Any CPU.Build.0 = Release|Any CPU
	EndGlobalSection
	GlobalSection(SolutionProperties) = preSolution
		HideSolutionNode = FALSE
	EndGlobalSection
	GlobalSection(ExtensibilityGlobals) = postSolution
		SolutionGuid = {8ADB56FA-2C14-4769-8DE2-12DEF8181871}
	EndGlobalSection
EndGlobal
